{
  "name": "portfolio",
  "lockfileVersion": 3,
  "requires": true,
  "packages": {
    "": {
      "dependencies": {
        "@botpoison/browser": "^0.1.30"
      }
    },
    "node_modules/@botpoison/browser": {
      "version": "0.1.30",
      "resolved": "https://registry.npmjs.org/@botpoison/browser/-/browser-0.1.30.tgz",
      "integrity": "sha512-hl+YoByBwBrNE0Hv/mwse9kAV6hAlq5qnwSlFhjnI/LkwOxNo1hOQ+x2UlopQ5QEIgxhxjndz9PwcMhFojEKfQ==",
      "dependencies": {
        "js-sha512": "^0.8.0"
      },
      "engines": {
        "node": ">=10"
      }
    },
    "node_modules/js-sha512": {
      "version": "0.8.0",
      "resolved": "https://registry.npmjs.org/js-sha512/-/js-sha512-0.8.0.tgz",
      "integrity": "sha512-PWsmefG6Jkodqt+ePTvBZCSMFgN7Clckjd0O7su3I0+BW2QWUTJNzjktHsztGLhncP2h8mcF9V9Y2Ha59pAViQ=="
    }
  }
}
